
Microsoft Visual Studio Solution File, Format Version 12.00
# Visual Studio Version 17
VisualStudioVersion = 17.0.32112.339
MinimumVisualStudioVersion = 10.0.40219.1
Project("{FAE04EC0-301F-11D3-BF4B-00C04F79EFBC}") = "ProjetoPlanta_Backend", "ProjetoPlanta_Backend.csproj", "{B76B8969-06BE-4DE5-B5C5-87CE69E4284A}"
EndProject
Global
	GlobalSection(SolutionConfigurationPlatforms) = preSolution
		Debug|Any CPU = Debug|Any CPU
		Release|Any CPU = Release|Any CPU
	EndGlobalSection
	GlobalSection(ProjectConfigurationPlatforms) = postSolution
		{B76B8969-06BE-4DE5-B5C5-87CE69E4284A}.Debug|Any CPU.ActiveCfg = Debug|Any CPU
		{B76B8969-06BE-4DE5-B5C5-87CE69E4284A}.Debug|Any CPU.Build.0 = Debug|Any CPU
		{B76B8969-06BE-4DE5-B5C5-87CE69E4284A}.Release|Any CPU.ActiveCfg = Release|Any CPU
		{B76B8969-06BE-4DE5-B5C5-87CE69E4284A}.Release|Any CPU.Build.0 = Release|Any CPU
	EndGlobalSection
	GlobalSection(SolutionProperties) = preSolution
		HideSolutionNode = FALSE
	EndGlobalSection
	GlobalSection(ExtensibilityGlobals) = postSolution
		SolutionGuid = {930EC097-9829-4154-9713-092AB0200BB2}
	EndGlobalSection
EndGlobal
